
Microsoft Visual Studio Solution File, Format Version 12.00
# Visual Studio Version 17
VisualStudioVersion = 17.10.35027.167
MinimumVisualStudioVersion = 10.0.40219.1
Project("{FAE04EC0-301F-11D3-BF4B-00C04F79EFBC}") = "WürfelberechnungsAnwendung", "WürfelberechnungsAnwendung\WürfelberechnungsAnwendung.csproj", "{258B5DEE-899D-40CC-8F83-ABC1F5B5026C}"
EndProject
Global
	GlobalSection(SolutionConfigurationPlatforms) = preSolution
		Debug|Any CPU = Debug|Any CPU
		Release|Any CPU = Release|Any CPU
	EndGlobalSection
	GlobalSection(ProjectConfigurationPlatforms) = postSolution
		{258B5DEE-899D-40CC-8F83-ABC1F5B5026C}.Debug|Any CPU.ActiveCfg = Debug|Any CPU
		{258B5DEE-899D-40CC-8F83-ABC1F5B5026C}.Debug|Any CPU.Build.0 = Debug|Any CPU
		{258B5DEE-899D-40CC-8F83-ABC1F5B5026C}.Release|Any CPU.ActiveCfg = Release|Any CPU
		{258B5DEE-899D-40CC-8F83-ABC1F5B5026C}.Release|Any CPU.Build.0 = Release|Any CPU
	EndGlobalSection
	GlobalSection(SolutionProperties) = preSolution
		HideSolutionNode = FALSE
	EndGlobalSection
	GlobalSection(ExtensibilityGlobals) = postSolution
		SolutionGuid = {C1F48F70-0B42-44FE-AFC2-B1EF44071D31}
	EndGlobalSection
EndGlobal
